
Microsoft Visual Studio Solution File, Format Version 12.00
Project("{FAE04EC0-301F-11D3-BF4B-00C04F79EFBC}") = "CancellationToken", "CancellationToken\CancellationToken.csproj", "{247FC6C4-6C62-48BA-8E25-2FB06AE2AA22}"
EndProject
Global
	GlobalSection(SolutionConfigurationPlatforms) = preSolution
		Debug|Any CPU = Debug|Any CPU
		Release|Any CPU = Release|Any CPU
	EndGlobalSection
	GlobalSection(ProjectConfigurationPlatforms) = postSolution
		{247FC6C4-6C62-48BA-8E25-2FB06AE2AA22}.Debug|Any CPU.ActiveCfg = Debug|Any CPU
		{247FC6C4-6C62-48BA-8E25-2FB06AE2AA22}.Debug|Any CPU.Build.0 = Debug|Any CPU
		{247FC6C4-6C62-48BA-8E25-2FB06AE2AA22}.Release|Any CPU.ActiveCfg = Release|Any CPU
		{247FC6C4-6C62-48BA-8E25-2FB06AE2AA22}.Release|Any CPU.Build.0 = Release|Any CPU
	EndGlobalSection
EndGlobal
